
Microsoft Visual Studio Solution File, Format Version 12.00
# Visual Studio Version 16
VisualStudioVersion = 16.0.30907.101
MinimumVisualStudioVersion = 10.0.40219.1
Project("{FAE04EC0-301F-11D3-BF4B-00C04F79EFBC}") = "devops", "devops\devops.csproj", "{2B7FBCBB-7C9D-4295-BBAE-6A18825C5C1D}"
EndProject
Global
	GlobalSection(SolutionConfigurationPlatforms) = preSolution
		Debug|Any CPU = Debug|Any CPU
		Release|Any CPU = Release|Any CPU
	EndGlobalSection
	GlobalSection(ProjectConfigurationPlatforms) = postSolution
		{2B7FBCBB-7C9D-4295-BBAE-6A18825C5C1D}.Debug|Any CPU.ActiveCfg = Debug|Any CPU
		{2B7FBCBB-7C9D-4295-BBAE-6A18825C5C1D}.Debug|Any CPU.Build.0 = Debug|Any CPU
		{2B7FBCBB-7C9D-4295-BBAE-6A18825C5C1D}.Release|Any CPU.ActiveCfg = Release|Any CPU
		{2B7FBCBB-7C9D-4295-BBAE-6A18825C5C1D}.Release|Any CPU.Build.0 = Release|Any CPU
	EndGlobalSection
	GlobalSection(SolutionProperties) = preSolution
		HideSolutionNode = FALSE
	EndGlobalSection
	GlobalSection(ExtensibilityGlobals) = postSolution
		SolutionGuid = {7D45BC05-191A-48F8-B77C-9344820A1E7F}
	EndGlobalSection
EndGlobal
